
Microsoft Visual Studio Solution File, Format Version 12.00
# Visual Studio 15
VisualStudioVersion = 15.0.28307.329
MinimumVisualStudioVersion = 10.0.40219.1
Project("{FAE04EC0-301F-11D3-BF4B-00C04F79EFBC}") = "Griglie_Combo_Auto_Completamento", "Griglie_Combo_Auto_Completamento\Griglie_Combo_Auto_Completamento.csproj", "{72B3A177-7A92-4B91-87F6-82B7FB5C0CCB}"
EndProject
Project("{FAE04EC0-301F-11D3-BF4B-00C04F79EFBC}") = "ApiServer", "ApiServer\ApiServer.csproj", "{0A4D70A3-647F-454A-AB04-44A378FB4B19}"
EndProject
Global
	GlobalSection(SolutionConfigurationPlatforms) = preSolution
		Debug|Any CPU = Debug|Any CPU
		Release|Any CPU = Release|Any CPU
	EndGlobalSection
	GlobalSection(ProjectConfigurationPlatforms) = postSolution
		{72B3A177-7A92-4B91-87F6-82B7FB5C0CCB}.Debug|Any CPU.ActiveCfg = Debug|Any CPU
		{72B3A177-7A92-4B91-87F6-82B7FB5C0CCB}.Debug|Any CPU.Build.0 = Debug|Any CPU
		{72B3A177-7A92-4B91-87F6-82B7FB5C0CCB}.Release|Any CPU.ActiveCfg = Release|Any CPU
		{72B3A177-7A92-4B91-87F6-82B7FB5C0CCB}.Release|Any CPU.Build.0 = Release|Any CPU
		{0A4D70A3-647F-454A-AB04-44A378FB4B19}.Debug|Any CPU.ActiveCfg = Debug|Any CPU
		{0A4D70A3-647F-454A-AB04-44A378FB4B19}.Debug|Any CPU.Build.0 = Debug|Any CPU
		{0A4D70A3-647F-454A-AB04-44A378FB4B19}.Release|Any CPU.ActiveCfg = Release|Any CPU
		{0A4D70A3-647F-454A-AB04-44A378FB4B19}.Release|Any CPU.Build.0 = Release|Any CPU
	EndGlobalSection
	GlobalSection(SolutionProperties) = preSolution
		HideSolutionNode = FALSE
	EndGlobalSection
	GlobalSection(ExtensibilityGlobals) = postSolution
		SolutionGuid = {4426F7BA-F158-42DB-8A6A-9ACE136BA5A8}
	EndGlobalSection
EndGlobal
